
Microsoft Visual Studio Solution File, Format Version 12.00
# Visual Studio Version 17
VisualStudioVersion = 17.11.35303.130
MinimumVisualStudioVersion = 10.0.40219.1
Project("{FAE04EC0-301F-11D3-BF4B-00C04F79EFBC}") = "EventRegistrationSystem", "EventRegistrationSystem\EventRegistrationSystem.csproj", "{CC061789-ABAA-4E8E-AD7F-6D0FE66BA231}"
EndProject
Global
	GlobalSection(SolutionConfigurationPlatforms) = preSolution
		Debug|Any CPU = Debug|Any CPU
		Release|Any CPU = Release|Any CPU
	EndGlobalSection
	GlobalSection(ProjectConfigurationPlatforms) = postSolution
		{CC061789-ABAA-4E8E-AD7F-6D0FE66BA231}.Debug|Any CPU.ActiveCfg = Debug|Any CPU
		{CC061789-ABAA-4E8E-AD7F-6D0FE66BA231}.Debug|Any CPU.Build.0 = Debug|Any CPU
		{CC061789-ABAA-4E8E-AD7F-6D0FE66BA231}.Release|Any CPU.ActiveCfg = Release|Any CPU
		{CC061789-ABAA-4E8E-AD7F-6D0FE66BA231}.Release|Any CPU.Build.0 = Release|Any CPU
	EndGlobalSection
	GlobalSection(SolutionProperties) = preSolution
		HideSolutionNode = FALSE
	EndGlobalSection
	GlobalSection(ExtensibilityGlobals) = postSolution
		SolutionGuid = {1D385C66-EA76-48DC-BAD7-39497AB120E4}
	EndGlobalSection
EndGlobal
